
Microsoft Visual Studio Solution File, Format Version 12.00
# Visual Studio Version 17
VisualStudioVersion = 17.14.36603.0 d17.14
MinimumVisualStudioVersion = 10.0.40219.1
Project("{FAE04EC0-301F-11D3-BF4B-00C04F79EFBC}") = "UstaPlatform", "UstaPlatform.csproj", "{1CDE3048-6AEA-4608-BA53-D867D8B9B828}"
EndProject
Project("{FAE04EC0-301F-11D3-BF4B-00C04F79EFBC}") = "UstaPlatform.Domain", "..\UstaPlatform.Domain\UstaPlatform.Domain.csproj", "{99B9C2E3-C71A-46BB-BC24-4EE4B0A1F8A2}"
EndProject
Global
	GlobalSection(SolutionConfigurationPlatforms) = preSolution
		Debug|Any CPU = Debug|Any CPU
		Release|Any CPU = Release|Any CPU
	EndGlobalSection
	GlobalSection(ProjectConfigurationPlatforms) = postSolution
		{1CDE3048-6AEA-4608-BA53-D867D8B9B828}.Debug|Any CPU.ActiveCfg = Debug|Any CPU
		{1CDE3048-6AEA-4608-BA53-D867D8B9B828}.Debug|Any CPU.Build.0 = Debug|Any CPU
		{1CDE3048-6AEA-4608-BA53-D867D8B9B828}.Release|Any CPU.ActiveCfg = Release|Any CPU
		{1CDE3048-6AEA-4608-BA53-D867D8B9B828}.Release|Any CPU.Build.0 = Release|Any CPU
		{99B9C2E3-C71A-46BB-BC24-4EE4B0A1F8A2}.Debug|Any CPU.ActiveCfg = Debug|Any CPU
		{99B9C2E3-C71A-46BB-BC24-4EE4B0A1F8A2}.Debug|Any CPU.Build.0 = Debug|Any CPU
		{99B9C2E3-C71A-46BB-BC24-4EE4B0A1F8A2}.Release|Any CPU.ActiveCfg = Release|Any CPU
		{99B9C2E3-C71A-46BB-BC24-4EE4B0A1F8A2}.Release|Any CPU.Build.0 = Release|Any CPU
	EndGlobalSection
	GlobalSection(SolutionProperties) = preSolution
		HideSolutionNode = FALSE
	EndGlobalSection
	GlobalSection(ExtensibilityGlobals) = postSolution
		SolutionGuid = {3B775319-9755-4A46-86DA-A328B0A4DAB1}
	EndGlobalSection
EndGlobal
